{
  "name": "aura-bot",
  "version": "1.0.0",
  "lockfileVersion": 3,
  "requires": true,
  "packages": {
    "": {
      "name": "aura-bot",
      "version": "1.0.0",
      "dependencies": {
        "@discordeno/bot": "^19.0.0-next.61acc57",
        "@discordeno/types": "^19.0.0-next.61acc57",
        "dotenv": "^16.0.0"
      },
      "devDependencies": {
        "@types/node": "^20.14.10",
        "typescript": "^5.0.0"
      }
    },
    "node_modules/@discordeno/bot": {
      "version": "19.0.0-next.61acc57",
      "resolved": "https://registry.npmjs.org/@discordeno/bot/-/bot-19.0.0-next.61acc57.tgz",
      "integrity": "sha512-cYw/2tqX5bwj2LxmAnQXLcjxRDtVSVltsHz7RqbI/YlcQwUm81mPmmdvFfzqt2vlLQW8wRZii+wCHhRzT9NsFA==",
      "dependencies": {
        "@discordeno/gateway": "19.0.0-next.61acc57",
        "@discordeno/rest": "19.0.0-next.61acc57",
        "@discordeno/types": "19.0.0-next.61acc57",
        "@discordeno/utils": "19.0.0-next.61acc57"
      }
    },
    "node_modules/@discordeno/gateway": {
      "version": "19.0.0-next.61acc57",
      "resolved": "https://registry.npmjs.org/@discordeno/gateway/-/gateway-19.0.0-next.61acc57.tgz",
      "integrity": "sha512-hpsfBxCyQmgUzNj6bRgCJZnqynu8aMobZX0Q/YiMH+e65T3kChMGf5t7DUYs1chjE+S3BQ0IWj0efQErokipJw==",
      "dependencies": {
        "@discordeno/types": "19.0.0-next.61acc57",
        "@discordeno/utils": "19.0.0-next.61acc57",
        "ws": "^8.18.0"
      },
      "optionalDependencies": {
        "fzstd": "^0.1.1"
      }
    },
    "node_modules/@discordeno/rest": {
      "version": "19.0.0-next.61acc57",
      "resolved": "https://registry.npmjs.org/@discordeno/rest/-/rest-19.0.0-next.61acc57.tgz",
      "integrity": "sha512-2q6GZSsxPPmhInf24w1yMQC4iVp/fHSqmU5TC0pyGoPVhHlZQW6b6FxzFtIUcWZAkYiBupPUrokKby2iqsDAyw==",
      "dependencies": {
        "@discordeno/types": "19.0.0-next.61acc57",
        "@discordeno/utils": "19.0.0-next.61acc57"
      }
    },
    "node_modules/@discordeno/types": {
      "version": "19.0.0-next.61acc57",
      "resolved": "https://registry.npmjs.org/@discordeno/types/-/types-19.0.0-next.61acc57.tgz",
      "integrity": "sha512-Vwsrl7tCr3qUkntexspA6P61O8lQrgDWFjrStARIEtsxXM/igz2HMCMi21jLncGhONsTNdpyPBjlT6syPWPFmQ=="
    },
    "node_modules/@discordeno/utils": {
      "version": "19.0.0-next.61acc57",
      "resolved": "https://registry.npmjs.org/@discordeno/utils/-/utils-19.0.0-next.61acc57.tgz",
      "integrity": "sha512-tNeLyG+fTG/pnXRrQpuXBlyw6N21LHeEj431aXuGTsroDUW571AbKnNqkGp24HA0D7Qn2ZoBCaR/9BRDfQrkdw==",
      "dependencies": {
        "@discordeno/types": "19.0.0-next.61acc57"
      }
    },
    "node_modules/@types/node": {
      "version": "20.17.6",
      "resolved": "https://registry.npmjs.org/@types/node/-/node-20.17.6.tgz",
      "integrity": "sha512-VEI7OdvK2wP7XHnsuXbAJnEpEkF6NjSN45QJlL4VGqZSXsnicpesdTWsg9RISeSdYd3yeRj/y3k5KGjUXYnFwQ==",
      "dev": true,
      "dependencies": {
        "undici-types": "~6.19.2"
      }
    },
    "node_modules/dotenv": {
      "version": "16.4.5",
      "resolved": "https://registry.npmjs.org/dotenv/-/dotenv-16.4.5.tgz",
      "integrity": "sha512-ZmdL2rui+eB2YwhsWzjInR8LldtZHGDoQ1ugH85ppHKwpUHL7j7rN0Ti9NCnGiQbhaZ11FpR+7ao1dNsmduNUg==",
      "engines": {
        "node": ">=12"
      },
      "funding": {
        "url": "https://dotenvx.com"
      }
    },
    "node_modules/fzstd": {
      "version": "0.1.1",
      "resolved": "https://registry.npmjs.org/fzstd/-/fzstd-0.1.1.tgz",
      "integrity": "sha512-dkuVSOKKwh3eas5VkJy1AW1vFpet8TA/fGmVA5krThl8YcOVE/8ZIoEA1+U1vEn5ckxxhLirSdY837azmbaNHA==",
      "optional": true
    },
    "node_modules/typescript": {
      "version": "5.6.3",
      "resolved": "https://registry.npmjs.org/typescript/-/typescript-5.6.3.tgz",
      "integrity": "sha512-hjcS1mhfuyi4WW8IWtjP7brDrG2cuDZukyrYrSauoXGNgx0S7zceP07adYkJycEr56BOUTNPzbInooiN3fn1qw==",
      "dev": true,
      "bin": {
        "tsc": "bin/tsc",
        "tsserver": "bin/tsserver"
      },
      "engines": {
        "node": ">=14.17"
      }
    },
    "node_modules/undici-types": {
      "version": "6.19.8",
      "resolved": "https://registry.npmjs.org/undici-types/-/undici-types-6.19.8.tgz",
      "integrity": "sha512-ve2KP6f/JnbPBFyobGHuerC9g1FYGn/F8n1LWTwNxCEzd6IfqTwUQcNXgEtmmQ6DlRrC1hrSrBnCZPokRrDHjw==",
      "dev": true
    },
    "node_modules/ws": {
      "version": "8.18.0",
      "resolved": "https://registry.npmjs.org/ws/-/ws-8.18.0.tgz",
      "integrity": "sha512-8VbfWfHLbbwu3+N6OKsOMpBdT4kXPDDB9cJk2bJ6mh9ucxdlnNvH1e+roYkKmN9Nxw2yjz7VzeO9oOz2zJ04Pw==",
      "engines": {
        "node": ">=10.0.0"
      },
      "peerDependencies": {
        "bufferutil": "^4.0.1",
        "utf-8-validate": ">=5.0.2"
      },
      "peerDependenciesMeta": {
        "bufferutil": {
          "optional": true
        },
        "utf-8-validate": {
          "optional": true
        }
      }
    }
  }
}
